// !$*UTF8*$!
{
	archiveVersion = 1;
	classes = {
	};
	objectVersion = 50;
	objects = {

/* Begin PBXBuildFile section */
		DD2B05A322F7C46C008A32BF /* AppDelegate.swift in Sources */ = {isa = PBXBuildFile; fileRef = DD2B05A222F7C46C008A32BF /* AppDelegate.swift */; };
		DD2B05A522F7C46C008A32BF /* ViewController.swift in Sources */ = {isa = PBXBuildFile; fileRef = DD2B05A422F7C46C008A32BF /* ViewController.swift */; };
		DD2B05A822F7C46D008A32BF /* Main.storyboard in Resources */ = {isa = PBXBuildFile; fileRef = DD2B05A622F7C46C008A32BF /* Main.storyboard */; };
		DD2B05AA22F7C46E008A32BF /* Assets.xcassets in Resources */ = {isa = PBXBuildFile; fileRef = DD2B05A922F7C46E008A32BF /* Assets.xcassets */; };
		DD2B05AD22F7C46E008A32BF /* LaunchScreen.storyboard in Resources */ = {isa = PBXBuildFile; fileRef = DD2B05AB22F7C46E008A32BF /* LaunchScreen.storyboard */; };
		DD2B05B722F818B4008A32BF /* LikedListTableViewController.swift in Sources */ = {isa = PBXBuildFile; fileRef = DD2B05B622F818B4008A32BF /* LikedListTableViewController.swift */; };
/* End PBXBuildFile section */

/* Begin PBXFileReference section */
		DD2B059F22F7C46C008A32BF /* CardTest.app */ = {isa = PBXFileReference; explicitFileType = wrapper.application; includeInIndex = 0; path = CardTest.app; sourceTree = BUILT_PRODUCTS_DIR; };
		DD2B05A222F7C46C008A32BF /* AppDelegate.swift */ = {isa = PBXFileReference; lastKnownFileType = sourcecode.swift; path = AppDelegate.swift; sourceTree = "<group>"; };
		DD2B05A422F7C46C008A32BF /* ViewController.swift */ = {isa = PBXFileReference; lastKnownFileType = sourcecode.swift; path = ViewController.swift; sourceTree = "<group>"; };
		DD2B05A722F7C46D008A32BF /* Base */ = {isa = PBXFileReference; lastKnownFileType = file.storyboard; name = Base; path = Base.lproj/Main.storyboard; sourceTree = "<group>"; };
		DD2B05A922F7C46E008A32BF /* Assets.xcassets */ = {isa = PBXFileReference; lastKnownFileType = folder.assetcatalog; path = Assets.xcassets; sourceTree = "<group>"; };
		DD2B05AC22F7C46E008A32BF /* Base */ = {isa = PBXFileReference; lastKnownFileType = file.storyboard; name = Base; path = Base.lproj/LaunchScreen.storyboard; sourceTree = "<group>"; };
		DD2B05AE22F7C46E008A32BF /* Info.plist */ = {isa = PBXFileReference; lastKnownFileType = text.plist.xml; path = Info.plist; sourceTree = "<group>"; };
		DD2B05B622F818B4008A32BF /* LikedListTableViewController.swift */ = {isa = PBXFileReference; lastKnownFileType = sourcecode.swift; path = LikedListTableViewController.swift; sourceTree = "<group>"; };
/* End PBXFileReference section */

/* Begin PBXFrameworksBuildPhase section */
		DD2B059C22F7C46C008A32BF /* Frameworks */ = {
			isa = PBXFrameworksBuildPhase;
			buildActionMask = 2147483647;
			files = (
			);
			runOnlyForDeploymentPostprocessing = 0;
		};
/* End PBXFrameworksBuildPhase section */

/* Begin PBXGroup section */
		DD2B059622F7C46C008A32BF = {
			isa = PBXGroup;
			children = (
				DD2B05A122F7C46C008A32BF /* CardTest */,
				DD2B05A022F7C46C008A32BF /* Products */,
			);
			sourceTree = "<group>";
		};
		DD2B05A022F7C46C008A32BF /* Products */ = {
			isa = PBXGroup;
			children = (
				DD2B059F22F7C46C008A32BF /* CardTest.app */,
			);
			name = Products;
			sourceTree = "<group>";
		};
		DD2B05A122F7C46C008A32BF /* CardTest */ = {
			isa = PBXGroup;
			children = (
				DD2B05A222F7C46C008A32BF /* AppDelegate.swift */,
				DD2B05A422F7C46C008A32BF /* ViewController.swift */,
				DD2B05B622F818B4008A32BF /* LikedListTableViewController.swift */,
				DD2B05A622F7C46C008A32BF /* Main.storyboard */,
				DD2B05A922F7C46E008A32BF /* Assets.xcassets */,
				DD2B05AB22F7C46E008A32BF /* LaunchScreen.storyboard */,
				DD2B05AE22F7C46E008A32BF /* Info.plist */,
			);
			path = CardTest;
			sourceTree = "<group>";
		};
/* End PBXGroup section */

/* Begin PBXNativeTarget section */
		DD2B059E22F7C46C008A32BF /* CardTest */ = {
			isa = PBXNativeTarget;
			buildConfigurationList = DD2B05B122F7C46E008A32BF /* Build configuration list for PBXNativeTarget "CardTest" */;
			buildPhases = (
				DD2B059B22F7C46C008A32BF /* Sources */,
				DD2B059C22F7C46C008A32BF /* Frameworks */,
				DD2B059D22F7C46C008A32BF /* Resources */,
			);
			buildRules = (
			);
			dependencies = (
			);
			name = CardTest;
			productName = CardTest;
			productReference = DD2B059F22F7C46C008A32BF /* CardTest.app */;
			productType = "com.apple.product-type.application";
		};
/* End PBXNativeTarget section */

/* Begin PBXProject section */
		DD2B059722F7C46C008A32BF /* Project object */ = {
			isa = PBXProject;
			attributes = {
				LastSwiftUpdateCheck = 1020;
				LastUpgradeCheck = 1020;
				ORGANIZATIONNAME = "原田悠嗣";
				TargetAttributes = {
					DD2B059E22F7C46C008A32BF = {
						CreatedOnToolsVersion = 10.2.1;
					};
				};
			};
			buildConfigurationList = DD2B059A22F7C46C008A32BF /* Build configuration list for PBXProject "CardTest" */;
			compatibilityVersion = "Xcode 9.3";
			developmentRegion = en;
			hasScannedForEncodings = 0;
			knownRegions = (
				en,
				Base,
			);
			mainGroup = DD2B059622F7C46C008A32BF;
			productRefGroup = DD2B05A022F7C46C008A32BF /* Products */;
			projectDirPath = "";
			projectRoot = "";
			targets = (
				DD2B059E22F7C46C008A32BF /* CardTest */,
			);
		};
/* End PBXProject section */

/* Begin PBXResourcesBuildPhase section */
		DD2B059D22F7C46C008A32BF /* Resources */ = {
			isa = PBXResourcesBuildPhase;
			buildActionMask = 2147483647;
			files = (
				DD2B05AD22F7C46E008A32BF /* LaunchScreen.storyboard in Resources */,
				DD2B05AA22F7C46E008A32BF /* Assets.xcassets in Resources */,
				DD2B05A822F7C46D008A32BF /* Main.storyboard in Resources */,
			);
			runOnlyForDeploymentPostprocessing = 0;
		};
/* End PBXResourcesBuildPhase section */

/* Begin PBXSourcesBuildPhase section */
		DD2B059B22F7C46C008A32BF /* Sources */ = {
			isa = PBXSourcesBuildPhase;
			buildActionMask = 2147483647;
			files = (
				DD2B05B722F818B4008A32BF /* LikedListTableViewController.swift in Sources */,
				DD2B05A522F7C46C008A32BF /* ViewController.swift in Sources */,
				DD2B05A322F7C46C008A32BF /* AppDelegate.swift in Sources */,
			);
			runOnlyForDeploymentPostprocessing = 0;
		};
/* End PBXSourcesBuildPhase section */

/* Begin PBXVariantGroup section */
		DD2B05A622F7C46C008A32BF /* Main.storyboard */ = {
			isa = PBXVariantGroup;
			children = (
				DD2B05A722F7C46D008A32BF /* Base */,
			);
			name = Main.storyboard;
			sourceTree = "<group>";
		};
		DD2B05AB22F7C46E008A32BF /* LaunchScreen.storyboard */ = {
			isa = PBXVariantGroup;
			children = (
				DD2B05AC22F7C46E008A32BF /* Base */,
			);
			name = LaunchScreen.storyboard;
			sourceTree = "<group>";
		};
/* End PBXVariantGroup section */

/* Begin XCBuildConfiguration section */
		DD2B05AF22F7C46E008A32BF /* Debug */ = {
			isa = XCBuildConfiguration;
			buildSettings = {
				ALWAYS_SEARCH_USER_PATHS = NO;
				CLANG_ANALYZER_NONNULL = YES;
				CLANG_ANALYZER_NUMBER_OBJECT_CONVERSION = YES_AGGRESSIVE;
				CLANG_CXX_LANGUAGE_STANDARD = "gnu++14";
				CLANG_CXX_LIBRARY = "libc++";
				CLANG_ENABLE_MODULES = YES;
				CLANG_ENABLE_OBJC_ARC = YES;
				CLANG_ENABLE_OBJC_WEAK = YES;
				CLANG_WARN_BLOCK_CAPTURE_AUTORELEASING = YES;
				CLANG_WARN_BOOL_CONVERSION = YES;
				CLANG_WARN_COMMA = YES;
				CLANG_WARN_CONSTANT_CONVERSION = YES;
				CLANG_WARN_DEPRECATED_OBJC_IMPLEMENTATIONS = YES;
				CLANG_WARN_DIRECT_OBJC_ISA_USAGE = YES_ERROR;
				CLANG_WARN_DOCUMENTATION_COMMENTS = YES;
				CLANG_WARN_EMPTY_BODY = YES;
				CLANG_WARN_ENUM_CONVERSION = YES;
				CLANG_WARN_INFINITE_RECURSION = YES;
				CLANG_WARN_INT_CONVERSION = YES;
				CLANG_WARN_NON_LITERAL_NULL_CONVERSION = YES;
				CLANG_WARN_OBJC_IMPLICIT_RETAIN_SELF = YES;
				CLANG_WARN_OBJC_LITERAL_CONVERSION = YES;
				CLANG_WARN_OBJC_ROOT_CLASS = YES_ERROR;
				CLANG_WARN_RANGE_LOOP_ANALYSIS = YES;
				CLANG_WARN_STRICT_PROTOTYPES = YES;
				CLANG_WARN_SUSPICIOUS_MOVE = YES;
				CLANG_WARN_UNGUARDED_AVAILABILITY = YES_AGGRESSIVE;
				CLANG_WARN_UNREACHABLE_CODE = YES;
				CLANG_WARN__DUPLICATE_METHOD_MATCH = YES;
				CODE_SIGN_IDENTITY = "iPhone Developer";
				COPY_PHASE_STRIP = NO;
				DEBUG_INFORMATION_FORMAT = dwarf;
				ENABLE_STRICT_OBJC_MSGSEND = YES;
				ENABLE_TESTABILITY = YES;
				GCC_C_LANGUAGE_STANDARD = gnu11;
				GCC_DYNAMIC_NO_PIC = NO;
				GCC_NO_COMMON_BLOCKS = YES;
				GCC_OPTIMIZATION_LEVEL = 0;
				GCC_PREPROCESSOR_DEFINITIONS = (
					"DEBUG=1",
					"$(inherited)",
				);
				GCC_WARN_64_TO_32_BIT_CONVERSION = YES;
				GCC_WARN_ABOUT_RETURN_TYPE = YES_ERROR;
				GCC_WARN_UNDECLARED_SELECTOR = YES;
				GCC_WARN_UNINITIALIZED_AUTOS = YES_AGGRESSIVE;
				GCC_WARN_UNUSED_FUNCTION = YES;
				GCC_WARN_UNUSED_VARIABLE = YES;
				IPHONEOS_DEPLOYMENT_TARGET = 12.2;
				MTL_ENABLE_DEBUG_INFO = INCLUDE_SOURCE;
				MTL_FAST_MATH = YES;
				ONLY_ACTIVE_ARCH = YES;
				SDKROOT = iphoneos;
				SWIFT_ACTIVE_COMPILATION_CONDITIONS = DEBUG;
				SWIFT_OPTIMIZATION_LEVEL = "-Onone";
			};
			name = Debug;
		};
		DD2B05B022F7C46E008A32BF /* Release */ = {
			isa = XCBuildConfiguration;
			buildSettings = {
				ALWAYS_SEARCH_USER_PATHS = NO;
				CLANG_ANALYZER_NONNULL = YES;
				CLANG_ANALYZER_NUMBER_OBJECT_CONVERSION = YES_AGGRESSIVE;
				CLANG_CXX_LANGUAGE_STANDARD = "gnu++14";
				CLANG_CXX_LIBRARY = "libc++";
				CLANG_ENABLE_MODULES = YES;
				CLANG_ENABLE_OBJC_ARC = YES;
				CLANG_ENABLE_OBJC_WEAK = YES;
				CLANG_WARN_BLOCK_CAPTURE_AUTORELEASING = YES;
				CLANG_WARN_BOOL_CONVERSION = YES;
				CLANG_WARN_COMMA = YES;
				CLANG_WARN_CONSTANT_CONVERSION = YES;
				CLANG_WARN_DEPRECATED_OBJC_IMPLEMENTATIONS = YES;
				CLANG_WARN_DIRECT_OBJC_ISA_USAGE = YES_ERROR;
				CLANG_WARN_DOCUMENTATION_COMMENTS = YES;
				CLANG_WARN_EMPTY_BODY = YES;
				CLANG_WARN_ENUM_CONVERSION = YES;
				CLANG_WARN_INFINITE_RECURSION = YES;
				CLANG_WARN_INT_CONVERSION = YES;
				CLANG_WARN_NON_LITERAL_NULL_CONVERSION = YES;
				CLANG_WARN_OBJC_IMPLICIT_RETAIN_SELF = YES;
				CLANG_WARN_OBJC_LITERAL_CONVERSION = YES;
				CLANG_WARN_OBJC_ROOT_CLASS = YES_ERROR;
				CLANG_WARN_RANGE_LOOP_ANALYSIS = YES;
				CLANG_WARN_STRICT_PROTOTYPES = YES;
				CLANG_WARN_SUSPICIOUS_MOVE = YES;
				CLANG_WARN_UNGUARDED_AVAILABILITY = YES_AGGRESSIVE;
				CLANG_WARN_UNREACHABLE_CODE = YES;
				CLANG_WARN__DUPLICATE_METHOD_MATCH = YES;
				CODE_SIGN_IDENTITY = "iPhone Developer";
				COPY_PHASE_STRIP = NO;
				DEBUG_INFORMATION_FORMAT = "dwarf-with-dsym";
				ENABLE_NS_ASSERTIONS = NO;
				ENABLE_STRICT_OBJC_MSGSEND = YES;
				GCC_C_LANGUAGE_STANDARD = gnu11;
				GCC_NO_COMMON_BLOCKS = YES;
				GCC_WARN_64_TO_32_BIT_CONVERSION = YES;
				GCC_WARN_ABOUT_RETURN_TYPE = YES_ERROR;
				GCC_WARN_UNDECLARED_SELECTOR = YES;
				GCC_WARN_UNINITIALIZED_AUTOS = YES_AGGRESSIVE;
				GCC_WARN_UNUSED_FUNCTION = YES;
				GCC_WARN_UNUSED_VARIABLE = YES;
				IPHONEOS_DEPLOYMENT_TARGET = 12.2;
				MTL_ENABLE_DEBUG_INFO = NO;
				MTL_FAST_MATH = YES;
				SDKROOT = iphoneos;
				SWIFT_COMPILATION_MODE = wholemodule;
				SWIFT_OPTIMIZATION_LEVEL = "-O";
				VALIDATE_PRODUCT = YES;
			};
			name = Release;
		};
		DD2B05B222F7C46E008A32BF /* Debug */ = {
			isa = XCBuildConfiguration;
			buildSettings = {
				ASSETCATALOG_COMPILER_APPICON_NAME = AppIcon;
				CODE_SIGN_STYLE = Automatic;
				DEVELOPMENT_TEAM = 7Y284RH96R;
				INFOPLIST_FILE = CardTest/Info.plist;
				LD_RUNPATH_SEARCH_PATHS = (
					"$(inherited)",
					"@executable_path/Frameworks",
				);
				PRODUCT_BUNDLE_IDENTIFIER = project.CardTest;
				PRODUCT_NAME = "$(TARGET_NAME)";
				SWIFT_VERSION = 5.0;
				TARGETED_DEVICE_FAMILY = "1,2";
			};
			name = Debug;
		};
		DD2B05B322F7C46E008A32BF /* Release */ = {
			isa = XCBuildConfiguration;
			buildSettings = {
				ASSETCATALOG_COMPILER_APPICON_NAME = AppIcon;
				CODE_SIGN_STYLE = Automatic;
				DEVELOPMENT_TEAM = 7Y284RH96R;
				INFOPLIST_FILE = CardTest/Info.plist;
				LD_RUNPATH_SEARCH_PATHS = (
					"$(inherited)",
					"@executable_path/Frameworks",
				);
				PRODUCT_BUNDLE_IDENTIFIER = project.CardTest;
				PRODUCT_NAME = "$(TARGET_NAME)";
				SWIFT_VERSION = 5.0;
				TARGETED_DEVICE_FAMILY = "1,2";
			};
			name = Release;
		};
/* End XCBuildConfiguration section */

/* Begin XCConfigurationList section */
		DD2B059A22F7C46C008A32BF /* Build configuration list for PBXProject "CardTest" */ = {
			isa = XCConfigurationList;
			buildConfigurations = (
				DD2B05AF22F7C46E008A32BF /* Debug */,
				DD2B05B022F7C46E008A32BF /* Release */,
			);
			defaultConfigurationIsVisible = 0;
			defaultConfigurationName = Release;
		};
		DD2B05B122F7C46E008A32BF /* Build configuration list for PBXNativeTarget "CardTest" */ = {
			isa = XCConfigurationList;
			buildConfigurations = (
				DD2B05B222F7C46E008A32BF /* Debug */,
				DD2B05B322F7C46E008A32BF /* Release */,
			);
			defaultConfigurationIsVisible = 0;
			defaultConfigurationName = Release;
		};
/* End XCConfigurationList section */
	};
	rootObject = DD2B059722F7C46C008A32BF /* Project object */;
}
